
Microsoft Visual Studio Solution File, Format Version 12.00
# Visual Studio 15
VisualStudioVersion = 15.0.28010.2050
MinimumVisualStudioVersion = 10.0.40219.1
Project("{FAE04EC0-301F-11D3-BF4B-00C04F79EFBC}") = "MovInfoClient", "MovInfoClient\MovInfoClient.csproj", "{693960B2-BAFA-475D-9713-C5180FD03C5A}"
EndProject
Global
	GlobalSection(SolutionConfigurationPlatforms) = preSolution
		Debug|Any CPU = Debug|Any CPU
		Release|Any CPU = Release|Any CPU
	EndGlobalSection
	GlobalSection(ProjectConfigurationPlatforms) = postSolution
		{693960B2-BAFA-475D-9713-C5180FD03C5A}.Debug|Any CPU.ActiveCfg = Debug|Any CPU
		{693960B2-BAFA-475D-9713-C5180FD03C5A}.Debug|Any CPU.Build.0 = Debug|Any CPU
		{693960B2-BAFA-475D-9713-C5180FD03C5A}.Release|Any CPU.ActiveCfg = Release|Any CPU
		{693960B2-BAFA-475D-9713-C5180FD03C5A}.Release|Any CPU.Build.0 = Release|Any CPU
	EndGlobalSection
	GlobalSection(SolutionProperties) = preSolution
		HideSolutionNode = FALSE
	EndGlobalSection
	GlobalSection(ExtensibilityGlobals) = postSolution
		SolutionGuid = {4278F5F6-470F-49B8-B729-D274C06E001D}
	EndGlobalSection
EndGlobal
